
Microsoft Visual Studio Solution File, Format Version 12.00
# Visual Studio 15
VisualStudioVersion = 15.0.28307.705
MinimumVisualStudioVersion = 10.0.40219.1
Project("{FAE04EC0-301F-11D3-BF4B-00C04F79EFBC}") = "DemoList", "DemoList\DemoList.csproj", "{9246EEE2-566F-4C6A-80D8-5B34AAABE1B1}"
EndProject
Global
	GlobalSection(SolutionConfigurationPlatforms) = preSolution
		Debug|Any CPU = Debug|Any CPU
		Release|Any CPU = Release|Any CPU
	EndGlobalSection
	GlobalSection(ProjectConfigurationPlatforms) = postSolution
		{9246EEE2-566F-4C6A-80D8-5B34AAABE1B1}.Debug|Any CPU.ActiveCfg = Debug|Any CPU
		{9246EEE2-566F-4C6A-80D8-5B34AAABE1B1}.Debug|Any CPU.Build.0 = Debug|Any CPU
		{9246EEE2-566F-4C6A-80D8-5B34AAABE1B1}.Release|Any CPU.ActiveCfg = Release|Any CPU
		{9246EEE2-566F-4C6A-80D8-5B34AAABE1B1}.Release|Any CPU.Build.0 = Release|Any CPU
	EndGlobalSection
	GlobalSection(SolutionProperties) = preSolution
		HideSolutionNode = FALSE
	EndGlobalSection
	GlobalSection(ExtensibilityGlobals) = postSolution
		SolutionGuid = {0B5D33C9-33DE-4C4F-87CB-CBD1D6F9E36C}
	EndGlobalSection
EndGlobal
